
Microsoft Visual Studio Solution File, Format Version 12.00
# Visual Studio Version 16
VisualStudioVersion = 16.0.31829.152
MinimumVisualStudioVersion = 10.0.40219.1
Project("{FAE04EC0-301F-11D3-BF4B-00C04F79EFBC}") = "WebApiDni", "WebApiDni.csproj", "{D001198A-ABC6-4B6F-8D97-27AB87C38204}"
EndProject
Global
	GlobalSection(SolutionConfigurationPlatforms) = preSolution
		Debug|Any CPU = Debug|Any CPU
		Release|Any CPU = Release|Any CPU
	EndGlobalSection
	GlobalSection(ProjectConfigurationPlatforms) = postSolution
		{D001198A-ABC6-4B6F-8D97-27AB87C38204}.Debug|Any CPU.ActiveCfg = Debug|Any CPU
		{D001198A-ABC6-4B6F-8D97-27AB87C38204}.Debug|Any CPU.Build.0 = Debug|Any CPU
		{D001198A-ABC6-4B6F-8D97-27AB87C38204}.Release|Any CPU.ActiveCfg = Release|Any CPU
		{D001198A-ABC6-4B6F-8D97-27AB87C38204}.Release|Any CPU.Build.0 = Release|Any CPU
	EndGlobalSection
	GlobalSection(SolutionProperties) = preSolution
		HideSolutionNode = FALSE
	EndGlobalSection
	GlobalSection(ExtensibilityGlobals) = postSolution
		SolutionGuid = {E5AB2CD5-A7F4-4BB4-99C2-7FA97BBC8CF7}
	EndGlobalSection
EndGlobal
